
Microsoft Visual Studio Solution File, Format Version 12.00
# Visual Studio 15
VisualStudioVersion = 15.0.26206.0
MinimumVisualStudioVersion = 10.0.40219.1
Project("{FAE04EC0-301F-11D3-BF4B-00C04F79EFBC}") = "GarageWeb", "GarageWeb\GarageWeb.csproj", "{47BC5793-0C7C-4A78-8FA0-9D8E589DEC77}"
EndProject
Project("{FAE04EC0-301F-11D3-BF4B-00C04F79EFBC}") = "GarageWeb.Tests", "GarageWeb.Tests\GarageWeb.Tests.csproj", "{A435DF9E-C635-4F30-B9A9-F4A00C2BA75E}"
EndProject
Global
	GlobalSection(SolutionConfigurationPlatforms) = preSolution
		Debug|Any CPU = Debug|Any CPU
		Release|Any CPU = Release|Any CPU
	EndGlobalSection
	GlobalSection(ProjectConfigurationPlatforms) = postSolution
		{47BC5793-0C7C-4A78-8FA0-9D8E589DEC77}.Debug|Any CPU.ActiveCfg = Debug|Any CPU
		{47BC5793-0C7C-4A78-8FA0-9D8E589DEC77}.Debug|Any CPU.Build.0 = Debug|Any CPU
		{47BC5793-0C7C-4A78-8FA0-9D8E589DEC77}.Release|Any CPU.ActiveCfg = Release|Any CPU
		{47BC5793-0C7C-4A78-8FA0-9D8E589DEC77}.Release|Any CPU.Build.0 = Release|Any CPU
		{A435DF9E-C635-4F30-B9A9-F4A00C2BA75E}.Debug|Any CPU.ActiveCfg = Debug|Any CPU
		{A435DF9E-C635-4F30-B9A9-F4A00C2BA75E}.Debug|Any CPU.Build.0 = Debug|Any CPU
		{A435DF9E-C635-4F30-B9A9-F4A00C2BA75E}.Release|Any CPU.ActiveCfg = Release|Any CPU
		{A435DF9E-C635-4F30-B9A9-F4A00C2BA75E}.Release|Any CPU.Build.0 = Release|Any CPU
	EndGlobalSection
	GlobalSection(SolutionProperties) = preSolution
		HideSolutionNode = FALSE
	EndGlobalSection
EndGlobal
